
Microsoft Visual Studio Solution File, Format Version 12.00
# Visual Studio Version 16
VisualStudioVersion = 16.0.30907.101
MinimumVisualStudioVersion = 10.0.40219.1
Project("{FAE04EC0-301F-11D3-BF4B-00C04F79EFBC}") = "CursoObjetosMan", "CursoObjetosMan\CursoObjetosMan.csproj", "{F7E0D02D-209E-4BBE-8D7A-4EBFCC903058}"
EndProject
Global
	GlobalSection(SolutionConfigurationPlatforms) = preSolution
		Debug|Any CPU = Debug|Any CPU
		Release|Any CPU = Release|Any CPU
	EndGlobalSection
	GlobalSection(ProjectConfigurationPlatforms) = postSolution
		{F7E0D02D-209E-4BBE-8D7A-4EBFCC903058}.Debug|Any CPU.ActiveCfg = Debug|Any CPU
		{F7E0D02D-209E-4BBE-8D7A-4EBFCC903058}.Debug|Any CPU.Build.0 = Debug|Any CPU
		{F7E0D02D-209E-4BBE-8D7A-4EBFCC903058}.Release|Any CPU.ActiveCfg = Release|Any CPU
		{F7E0D02D-209E-4BBE-8D7A-4EBFCC903058}.Release|Any CPU.Build.0 = Release|Any CPU
	EndGlobalSection
	GlobalSection(SolutionProperties) = preSolution
		HideSolutionNode = FALSE
	EndGlobalSection
	GlobalSection(ExtensibilityGlobals) = postSolution
		SolutionGuid = {8813F142-9676-4B30-AD3A-EBDDC1160462}
	EndGlobalSection
EndGlobal
