
Microsoft Visual Studio Solution File, Format Version 12.00
# Visual Studio Version 16
VisualStudioVersion = 16.0.30907.101
MinimumVisualStudioVersion = 10.0.40219.1
Project("{FAE04EC0-301F-11D3-BF4B-00C04F79EFBC}") = "CursoArqBlock", "CursoArqBlock\CursoArqBlock.csproj", "{0BBBC701-89D9-45B3-87A9-BF3BE6A8B735}"
EndProject
Global
	GlobalSection(SolutionConfigurationPlatforms) = preSolution
		Debug|Any CPU = Debug|Any CPU
		Release|Any CPU = Release|Any CPU
	EndGlobalSection
	GlobalSection(ProjectConfigurationPlatforms) = postSolution
		{0BBBC701-89D9-45B3-87A9-BF3BE6A8B735}.Debug|Any CPU.ActiveCfg = Debug|Any CPU
		{0BBBC701-89D9-45B3-87A9-BF3BE6A8B735}.Debug|Any CPU.Build.0 = Debug|Any CPU
		{0BBBC701-89D9-45B3-87A9-BF3BE6A8B735}.Release|Any CPU.ActiveCfg = Release|Any CPU
		{0BBBC701-89D9-45B3-87A9-BF3BE6A8B735}.Release|Any CPU.Build.0 = Release|Any CPU
	EndGlobalSection
	GlobalSection(SolutionProperties) = preSolution
		HideSolutionNode = FALSE
	EndGlobalSection
	GlobalSection(ExtensibilityGlobals) = postSolution
		SolutionGuid = {B071A529-49C4-4A14-AD70-17E388C6D5DF}
	EndGlobalSection
EndGlobal
