
Microsoft Visual Studio Solution File, Format Version 12.00
# Visual Studio Version 16
VisualStudioVersion = 16.0.30907.101
MinimumVisualStudioVersion = 10.0.40219.1
Project("{FAE04EC0-301F-11D3-BF4B-00C04F79EFBC}") = "whille", "whille\whille.csproj", "{8152C750-9243-4203-B76E-4B3124B697A0}"
EndProject
Global
	GlobalSection(SolutionConfigurationPlatforms) = preSolution
		Debug|Any CPU = Debug|Any CPU
		Release|Any CPU = Release|Any CPU
	EndGlobalSection
	GlobalSection(ProjectConfigurationPlatforms) = postSolution
		{8152C750-9243-4203-B76E-4B3124B697A0}.Debug|Any CPU.ActiveCfg = Debug|Any CPU
		{8152C750-9243-4203-B76E-4B3124B697A0}.Debug|Any CPU.Build.0 = Debug|Any CPU
		{8152C750-9243-4203-B76E-4B3124B697A0}.Release|Any CPU.ActiveCfg = Release|Any CPU
		{8152C750-9243-4203-B76E-4B3124B697A0}.Release|Any CPU.Build.0 = Release|Any CPU
	EndGlobalSection
	GlobalSection(SolutionProperties) = preSolution
		HideSolutionNode = FALSE
	EndGlobalSection
	GlobalSection(ExtensibilityGlobals) = postSolution
		SolutionGuid = {342BE933-8430-4368-A540-B58E36A1C7D9}
	EndGlobalSection
EndGlobal
