
Microsoft Visual Studio Solution File, Format Version 12.00
# Visual Studio Version 16
VisualStudioVersion = 16.0.30907.101
MinimumVisualStudioVersion = 10.0.40219.1
Project("{FAE04EC0-301F-11D3-BF4B-00C04F79EFBC}") = "ExecicioVetor", "ExecicioVetor\ExecicioVetor.csproj", "{E60F2BD5-23BF-44D6-8BCA-A30D429A41DC}"
EndProject
Global
	GlobalSection(SolutionConfigurationPlatforms) = preSolution
		Debug|Any CPU = Debug|Any CPU
		Release|Any CPU = Release|Any CPU
	EndGlobalSection
	GlobalSection(ProjectConfigurationPlatforms) = postSolution
		{E60F2BD5-23BF-44D6-8BCA-A30D429A41DC}.Debug|Any CPU.ActiveCfg = Debug|Any CPU
		{E60F2BD5-23BF-44D6-8BCA-A30D429A41DC}.Debug|Any CPU.Build.0 = Debug|Any CPU
		{E60F2BD5-23BF-44D6-8BCA-A30D429A41DC}.Release|Any CPU.ActiveCfg = Release|Any CPU
		{E60F2BD5-23BF-44D6-8BCA-A30D429A41DC}.Release|Any CPU.Build.0 = Release|Any CPU
	EndGlobalSection
	GlobalSection(SolutionProperties) = preSolution
		HideSolutionNode = FALSE
	EndGlobalSection
	GlobalSection(ExtensibilityGlobals) = postSolution
		SolutionGuid = {226A9FFB-E7FB-4127-97C4-E66BE05C8B23}
	EndGlobalSection
EndGlobal
