
Microsoft Visual Studio Solution File, Format Version 12.00
# Visual Studio Version 16
VisualStudioVersion = 16.0.30907.101
MinimumVisualStudioVersion = 10.0.40219.1
Project("{FAE04EC0-301F-11D3-BF4B-00C04F79EFBC}") = "Veto2", "Veto2\Veto2.csproj", "{F3463A22-17ED-4EBD-9C43-C0A4EA9E4004}"
EndProject
Global
	GlobalSection(SolutionConfigurationPlatforms) = preSolution
		Debug|Any CPU = Debug|Any CPU
		Release|Any CPU = Release|Any CPU
	EndGlobalSection
	GlobalSection(ProjectConfigurationPlatforms) = postSolution
		{F3463A22-17ED-4EBD-9C43-C0A4EA9E4004}.Debug|Any CPU.ActiveCfg = Debug|Any CPU
		{F3463A22-17ED-4EBD-9C43-C0A4EA9E4004}.Debug|Any CPU.Build.0 = Debug|Any CPU
		{F3463A22-17ED-4EBD-9C43-C0A4EA9E4004}.Release|Any CPU.ActiveCfg = Release|Any CPU
		{F3463A22-17ED-4EBD-9C43-C0A4EA9E4004}.Release|Any CPU.Build.0 = Release|Any CPU
	EndGlobalSection
	GlobalSection(SolutionProperties) = preSolution
		HideSolutionNode = FALSE
	EndGlobalSection
	GlobalSection(ExtensibilityGlobals) = postSolution
		SolutionGuid = {0CEBF376-C098-4541-AB82-C09F5865E753}
	EndGlobalSection
EndGlobal
