
Microsoft Visual Studio Solution File, Format Version 12.00
# Visual Studio Version 16
VisualStudioVersion = 16.0.30907.101
MinimumVisualStudioVersion = 10.0.40219.1
Project("{FAE04EC0-301F-11D3-BF4B-00C04F79EFBC}") = "CursoArqStream", "CursoArqStream\CursoArqStream.csproj", "{7FDA1B86-7ABC-4E74-9BA5-37D886EA5488}"
EndProject
Global
	GlobalSection(SolutionConfigurationPlatforms) = preSolution
		Debug|Any CPU = Debug|Any CPU
		Release|Any CPU = Release|Any CPU
	EndGlobalSection
	GlobalSection(ProjectConfigurationPlatforms) = postSolution
		{7FDA1B86-7ABC-4E74-9BA5-37D886EA5488}.Debug|Any CPU.ActiveCfg = Debug|Any CPU
		{7FDA1B86-7ABC-4E74-9BA5-37D886EA5488}.Debug|Any CPU.Build.0 = Debug|Any CPU
		{7FDA1B86-7ABC-4E74-9BA5-37D886EA5488}.Release|Any CPU.ActiveCfg = Release|Any CPU
		{7FDA1B86-7ABC-4E74-9BA5-37D886EA5488}.Release|Any CPU.Build.0 = Release|Any CPU
	EndGlobalSection
	GlobalSection(SolutionProperties) = preSolution
		HideSolutionNode = FALSE
	EndGlobalSection
	GlobalSection(ExtensibilityGlobals) = postSolution
		SolutionGuid = {C00F124A-4859-4232-A208-9252AB83A445}
	EndGlobalSection
EndGlobal
