
Microsoft Visual Studio Solution File, Format Version 12.00
# Visual Studio Version 16
VisualStudioVersion = 16.0.30907.101
MinimumVisualStudioVersion = 10.0.40219.1
Project("{FAE04EC0-301F-11D3-BF4B-00C04F79EFBC}") = "TempoSpan", "TempoSpan\TempoSpan.csproj", "{B0CCBF8C-302C-4824-815E-2AEC7839FBF6}"
EndProject
Global
	GlobalSection(SolutionConfigurationPlatforms) = preSolution
		Debug|Any CPU = Debug|Any CPU
		Release|Any CPU = Release|Any CPU
	EndGlobalSection
	GlobalSection(ProjectConfigurationPlatforms) = postSolution
		{B0CCBF8C-302C-4824-815E-2AEC7839FBF6}.Debug|Any CPU.ActiveCfg = Debug|Any CPU
		{B0CCBF8C-302C-4824-815E-2AEC7839FBF6}.Debug|Any CPU.Build.0 = Debug|Any CPU
		{B0CCBF8C-302C-4824-815E-2AEC7839FBF6}.Release|Any CPU.ActiveCfg = Release|Any CPU
		{B0CCBF8C-302C-4824-815E-2AEC7839FBF6}.Release|Any CPU.Build.0 = Release|Any CPU
	EndGlobalSection
	GlobalSection(SolutionProperties) = preSolution
		HideSolutionNode = FALSE
	EndGlobalSection
	GlobalSection(ExtensibilityGlobals) = postSolution
		SolutionGuid = {3B54D285-66C3-4816-BA37-EC036F9F1850}
	EndGlobalSection
EndGlobal
